// !$*UTF8*$!
{
	archiveVersion = 1;
	classes = {
	};
	objectVersion = 55;
	objects = {

/* Begin PBXBuildFile section */
		0F15470E273C6198003473D8 /* UITextField.swift in Sources */ = {isa = PBXBuildFile; fileRef = 0F15470D273C6198003473D8 /* UITextField.swift */; };
		0F19B2812724A35D00D8B1F5 /* DashboardViewModel.swift in Sources */ = {isa = PBXBuildFile; fileRef = 0F19B2802724A35D00D8B1F5 /* DashboardViewModel.swift */; };
		0F19B28327251A1700D8B1F5 /* LoadingManager.swift in Sources */ = {isa = PBXBuildFile; fileRef = 0F19B28227251A1700D8B1F5 /* LoadingManager.swift */; };
		0F19B28927251B1F00D8B1F5 /* LoadingAnimationView.xib in Resources */ = {isa = PBXBuildFile; fileRef = 0F19B28727251B1F00D8B1F5 /* LoadingAnimationView.xib */; };
		0F19B28A27251B1F00D8B1F5 /* LoadingAnimationView.swift in Sources */ = {isa = PBXBuildFile; fileRef = 0F19B28827251B1F00D8B1F5 /* LoadingAnimationView.swift */; };
		0F19B28D27251B9700D8B1F5 /* loading_animation.json in Resources */ = {isa = PBXBuildFile; fileRef = 0F19B28C27251B9700D8B1F5 /* loading_animation.json */; };
		0F19B28F2725386D00D8B1F5 /* AlertManager.swift in Sources */ = {isa = PBXBuildFile; fileRef = 0F19B28E2725386D00D8B1F5 /* AlertManager.swift */; };
		0F19B293272553F500D8B1F5 /* DoctorListMapViewController.swift in Sources */ = {isa = PBXBuildFile; fileRef = 0F19B292272553F500D8B1F5 /* DoctorListMapViewController.swift */; };
		0F205DCB27481BAE002F0EBD /* PatientPersonalDetailsVC.swift in Sources */ = {isa = PBXBuildFile; fileRef = 0F205DCA27481BAE002F0EBD /* PatientPersonalDetailsVC.swift */; };
		0F205DCD27481BF4002F0EBD /* TaskManager.swift in Sources */ = {isa = PBXBuildFile; fileRef = 0F205DCC27481BF4002F0EBD /* TaskManager.swift */; };
		0F205DCF27481D8A002F0EBD /* UIImage.swift in Sources */ = {isa = PBXBuildFile; fileRef = 0F205DCE27481D8A002F0EBD /* UIImage.swift */; };
		0F205DD127483F83002F0EBD /* GenderTableViewCell.swift in Sources */ = {isa = PBXBuildFile; fileRef = 0F205DD027483F82002F0EBD /* GenderTableViewCell.swift */; };
		0F22159527242259006416CD /* AppDelegate.swift in Sources */ = {isa = PBXBuildFile; fileRef = 0F22159427242259006416CD /* AppDelegate.swift */; };
		0F22159E2724225B006416CD /* Assets.xcassets in Resources */ = {isa = PBXBuildFile; fileRef = 0F22159D2724225B006416CD /* Assets.xcassets */; };
		0F2215A12724225B006416CD /* LaunchScreen.storyboard in Resources */ = {isa = PBXBuildFile; fileRef = 0F22159F2724225B006416CD /* LaunchScreen.storyboard */; };
		0F2215AE2724238E006416CD /* SignInViewController.swift in Sources */ = {isa = PBXBuildFile; fileRef = 0F2215AD2724238E006416CD /* SignInViewController.swift */; };
		0F2215B1272423A7006416CD /* Auth.storyboard in Resources */ = {isa = PBXBuildFile; fileRef = 0F2215B0272423A7006416CD /* Auth.storyboard */; };
		0F2215B4272424B6006416CD /* UIView.swift in Sources */ = {isa = PBXBuildFile; fileRef = 0F2215B3272424B6006416CD /* UIView.swift */; };
		0F2215B627242521006416CD /* UIColor.swift in Sources */ = {isa = PBXBuildFile; fileRef = 0F2215B527242521006416CD /* UIColor.swift */; };
		0F2215B827242589006416CD /* Date.swift in Sources */ = {isa = PBXBuildFile; fileRef = 0F2215B727242589006416CD /* Date.swift */; };
		0F4D7C08274A455400BD8965 /* CountryCodeListDetails.swift in Sources */ = {isa = PBXBuildFile; fileRef = 0F4D7C07274A455400BD8965 /* CountryCodeListDetails.swift */; };
		0F4D7C0B274A460700BD8965 /* GenericViewModel.swift in Sources */ = {isa = PBXBuildFile; fileRef = 0F4D7C0A274A460700BD8965 /* GenericViewModel.swift */; };
		0F4D7C0E274A4A5400BD8965 /* BottomSheet.swift in Sources */ = {isa = PBXBuildFile; fileRef = 0F4D7C0D274A4A5400BD8965 /* BottomSheet.swift */; };
		0F4D7C10274A4DEA00BD8965 /* IDName.swift in Sources */ = {isa = PBXBuildFile; fileRef = 0F4D7C0F274A4DEA00BD8965 /* IDName.swift */; };
		0F4D7C12274A68B800BD8965 /* PatientIdentificationVC.swift in Sources */ = {isa = PBXBuildFile; fileRef = 0F4D7C11274A68B800BD8965 /* PatientIdentificationVC.swift */; };
		0F4D7C14274A739F00BD8965 /* StateListDetails.swift in Sources */ = {isa = PBXBuildFile; fileRef = 0F4D7C13274A739F00BD8965 /* StateListDetails.swift */; };
		0F9BD35827498485005457DF /* String.swift in Sources */ = {isa = PBXBuildFile; fileRef = 0F9BD35727498485005457DF /* String.swift */; };
		0F9BD35B27498537005457DF /* AbstractViewController.swift in Sources */ = {isa = PBXBuildFile; fileRef = 0F9BD35A27498537005457DF /* AbstractViewController.swift */; };
		0F9BD35D27498E61005457DF /* PatientSignUpViewModel.swift in Sources */ = {isa = PBXBuildFile; fileRef = 0F9BD35C27498E61005457DF /* PatientSignUpViewModel.swift */; };
		0F9BD35F27498EA6005457DF /* SignInViewModel.swift in Sources */ = {isa = PBXBuildFile; fileRef = 0F9BD35E27498EA6005457DF /* SignInViewModel.swift */; };
		0F9BD36127498FDF005457DF /* LoginResponseDetails.swift in Sources */ = {isa = PBXBuildFile; fileRef = 0F9BD36027498FDF005457DF /* LoginResponseDetails.swift */; };
		0F9BD36327499572005457DF /* AppUtility.swift in Sources */ = {isa = PBXBuildFile; fileRef = 0F9BD36227499572005457DF /* AppUtility.swift */; };
		0F9BD365274996BD005457DF /* PatientSignUpRequestDetails.swift in Sources */ = {isa = PBXBuildFile; fileRef = 0F9BD364274996BD005457DF /* PatientSignUpRequestDetails.swift */; };
		0F9BD3672749971D005457DF /* DataManager.swift in Sources */ = {isa = PBXBuildFile; fileRef = 0F9BD3662749971D005457DF /* DataManager.swift */; };
		0FA38C4B2746F5FE0035B1FD /* OnboardingViewController.swift in Sources */ = {isa = PBXBuildFile; fileRef = 0FA38C4A2746F5FE0035B1FD /* OnboardingViewController.swift */; };
		0FA38C4E2746F6870035B1FD /* OnboardingItemModel.swift in Sources */ = {isa = PBXBuildFile; fileRef = 0FA38C4D2746F6870035B1FD /* OnboardingItemModel.swift */; };
		0FA38C512746F6C50035B1FD /* OnboardingCollectionViewCell.swift in Sources */ = {isa = PBXBuildFile; fileRef = 0FA38C502746F6C50035B1FD /* OnboardingCollectionViewCell.swift */; };
		0FA38C542746F9D50035B1FD /* Onboarding.storyboard in Resources */ = {isa = PBXBuildFile; fileRef = 0FA38C532746F9D50035B1FD /* Onboarding.storyboard */; };
		0FB6E01B274ADD7600D1F4EF /* PatientHealthcareVC.swift in Sources */ = {isa = PBXBuildFile; fileRef = 0FB6E01A274ADD7600D1F4EF /* PatientHealthcareVC.swift */; };
		0FD70EAA273CC96F0024C6B0 /* SignUpViewController.swift in Sources */ = {isa = PBXBuildFile; fileRef = 0FD70EA9273CC96F0024C6B0 /* SignUpViewController.swift */; };
		0FD70EAD273D82FC0024C6B0 /* SignUpViewModel.swift in Sources */ = {isa = PBXBuildFile; fileRef = 0FD70EAC273D82FC0024C6B0 /* SignUpViewModel.swift */; };
		0FD70EB0273D83490024C6B0 /* RegisterUserTypeDetails.swift in Sources */ = {isa = PBXBuildFile; fileRef = 0FD70EAF273D83490024C6B0 /* RegisterUserTypeDetails.swift */; };
		0FD70EB3273D85F10024C6B0 /* RegisterUserTypeTableViewCell.swift in Sources */ = {isa = PBXBuildFile; fileRef = 0FD70EB2273D85F10024C6B0 /* RegisterUserTypeTableViewCell.swift */; };
		0FF06DAB2747973E0023F69D /* PatientRegistrationViewController.swift in Sources */ = {isa = PBXBuildFile; fileRef = 0FF06DAA2747973E0023F69D /* PatientRegistrationViewController.swift */; };
		0FF06DAE27479FD60023F69D /* PatientStepsCollectionViewCell.swift in Sources */ = {isa = PBXBuildFile; fileRef = 0FF06DAD27479FD60023F69D /* PatientStepsCollectionViewCell.swift */; };
		0FF8EDCA272490CC000BE755 /* UIStoryboard.swift in Sources */ = {isa = PBXBuildFile; fileRef = 0FF8EDC9272490CC000BE755 /* UIStoryboard.swift */; };
		0FF8EDCE27249147000BE755 /* DashboardViewController.swift in Sources */ = {isa = PBXBuildFile; fileRef = 0FF8EDCD27249147000BE755 /* DashboardViewController.swift */; };
		0FF8EDD12724920D000BE755 /* Dashboard.storyboard in Resources */ = {isa = PBXBuildFile; fileRef = 0FF8EDD02724920D000BE755 /* Dashboard.storyboard */; };
		0FF8EDD427249309000BE755 /* PaymentManager.swift in Sources */ = {isa = PBXBuildFile; fileRef = 0FF8EDD327249309000BE755 /* PaymentManager.swift */; };
		0FF8EDD6272494AC000BE755 /* UIApplication.swift in Sources */ = {isa = PBXBuildFile; fileRef = 0FF8EDD5272494AC000BE755 /* UIApplication.swift */; };
		0FF8EDD9272499BA000BE755 /* RequestManager.swift in Sources */ = {isa = PBXBuildFile; fileRef = 0FF8EDD8272499BA000BE755 /* RequestManager.swift */; };
		0FF8EDDC27249AB5000BE755 /* RMErrorModel.swift in Sources */ = {isa = PBXBuildFile; fileRef = 0FF8EDDB27249AB5000BE755 /* RMErrorModel.swift */; };
		0FF8EDDE27249AD9000BE755 /* RMRequestModel.swift in Sources */ = {isa = PBXBuildFile; fileRef = 0FF8EDDD27249AD9000BE755 /* RMRequestModel.swift */; };
		0FF8EDE127249B0C000BE755 /* Constants.swift in Sources */ = {isa = PBXBuildFile; fileRef = 0FF8EDE027249B0C000BE755 /* Constants.swift */; };
		0FF8EDE327249BC9000BE755 /* RMResponseModel.swift in Sources */ = {isa = PBXBuildFile; fileRef = 0FF8EDE227249BC9000BE755 /* RMResponseModel.swift */; };
		0FF8EDE527249BEF000BE755 /* Dictionary.swift in Sources */ = {isa = PBXBuildFile; fileRef = 0FF8EDE427249BEF000BE755 /* Dictionary.swift */; };
		0FF8EDE927249D6C000BE755 /* PaymentResponseDetails.swift in Sources */ = {isa = PBXBuildFile; fileRef = 0FF8EDE827249D6C000BE755 /* PaymentResponseDetails.swift */; };
		891C96E263FE5260B8266555 /* Pods_Dokto.framework in Frameworks */ = {isa = PBXBuildFile; fileRef = 63D2740B5B8118EF9EA8E251 /* Pods_Dokto.framework */; };
		8D31D21E272675820025F9C5 /* TwilioRoomViewController.swift in Sources */ = {isa = PBXBuildFile; fileRef = 8D31D21D272675820025F9C5 /* TwilioRoomViewController.swift */; };
		8D48BAB3273C2A330087DE3C /* SettingsViewController.swift in Sources */ = {isa = PBXBuildFile; fileRef = 8D48BAB2273C2A320087DE3C /* SettingsViewController.swift */; };
		8D56B7AD272C3D2E00844CC3 /* Settings.swift in Sources */ = {isa = PBXBuildFile; fileRef = 8D56B7AC272C3D2E00844CC3 /* Settings.swift */; };
		8D5D774A272EF42A0020E459 /* PlatformUtils.swift in Sources */ = {isa = PBXBuildFile; fileRef = 8D5D7749272EF42A0020E459 /* PlatformUtils.swift */; };
		8D5E9F672754E4610060CAC6 /* ClinicRegistrationViewController.swift in Sources */ = {isa = PBXBuildFile; fileRef = 8D5E9F662754E4610060CAC6 /* ClinicRegistrationViewController.swift */; };
		8D9BC9C42726A15500853B58 /* TwilioManager.swift in Sources */ = {isa = PBXBuildFile; fileRef = 8D9BC9C32726A15500853B58 /* TwilioManager.swift */; };
		8D9BC9C62726B85600853B58 /* TwilioViewModel.swift in Sources */ = {isa = PBXBuildFile; fileRef = 8D9BC9C52726B85600853B58 /* TwilioViewModel.swift */; };
		8D9BC9CA2726CD2300853B58 /* TwilioAccessTokenResponseModel.swift in Sources */ = {isa = PBXBuildFile; fileRef = 8D9BC9C92726CD2300853B58 /* TwilioAccessTokenResponseModel.swift */; };
/* End PBXBuildFile section */

/* Begin PBXFileReference section */
		0BB9EA378E813C5C0A071460 /* Pods-Dokto.release.xcconfig */ = {isa = PBXFileReference; includeInIndex = 1; lastKnownFileType = text.xcconfig; name = "Pods-Dokto.release.xcconfig"; path = "Target Support Files/Pods-Dokto/Pods-Dokto.release.xcconfig"; sourceTree = "<group>"; };
		0F15470D273C6198003473D8 /* UITextField.swift */ = {isa = PBXFileReference; lastKnownFileType = sourcecode.swift; path = UITextField.swift; sourceTree = "<group>"; };
		0F19B2802724A35D00D8B1F5 /* DashboardViewModel.swift */ = {isa = PBXFileReference; lastKnownFileType = sourcecode.swift; path = DashboardViewModel.swift; sourceTree = "<group>"; };
		0F19B28227251A1700D8B1F5 /* LoadingManager.swift */ = {isa = PBXFileReference; lastKnownFileType = sourcecode.swift; path = LoadingManager.swift; sourceTree = "<group>"; };
		0F19B28727251B1F00D8B1F5 /* LoadingAnimationView.xib */ = {isa = PBXFileReference; fileEncoding = 4; lastKnownFileType = file.xib; path = LoadingAnimationView.xib; sourceTree = "<group>"; };
		0F19B28827251B1F00D8B1F5 /* LoadingAnimationView.swift */ = {isa = PBXFileReference; fileEncoding = 4; lastKnownFileType = sourcecode.swift; path = LoadingAnimationView.swift; sourceTree = "<group>"; };
		0F19B28C27251B9700D8B1F5 /* loading_animation.json */ = {isa = PBXFileReference; fileEncoding = 4; lastKnownFileType = text.json; path = loading_animation.json; sourceTree = "<group>"; };
		0F19B28E2725386D00D8B1F5 /* AlertManager.swift */ = {isa = PBXFileReference; lastKnownFileType = sourcecode.swift; path = AlertManager.swift; sourceTree = "<group>"; };
		0F19B292272553F500D8B1F5 /* DoctorListMapViewController.swift */ = {isa = PBXFileReference; lastKnownFileType = sourcecode.swift; path = DoctorListMapViewController.swift; sourceTree = "<group>"; };
		0F205DCA27481BAE002F0EBD /* PatientPersonalDetailsVC.swift */ = {isa = PBXFileReference; lastKnownFileType = sourcecode.swift; path = PatientPersonalDetailsVC.swift; sourceTree = "<group>"; };
		0F205DCC27481BF4002F0EBD /* TaskManager.swift */ = {isa = PBXFileReference; lastKnownFileType = sourcecode.swift; path = TaskManager.swift; sourceTree = "<group>"; };
		0F205DCE27481D8A002F0EBD /* UIImage.swift */ = {isa = PBXFileReference; lastKnownFileType = sourcecode.swift; path = UIImage.swift; sourceTree = "<group>"; };
		0F205DD027483F82002F0EBD /* GenderTableViewCell.swift */ = {isa = PBXFileReference; lastKnownFileType = sourcecode.swift; path = GenderTableViewCell.swift; sourceTree = "<group>"; };
		0F22159127242259006416CD /* Dokto.app */ = {isa = PBXFileReference; explicitFileType = wrapper.application; includeInIndex = 0; path = Dokto.app; sourceTree = BUILT_PRODUCTS_DIR; };
		0F22159427242259006416CD /* AppDelegate.swift */ = {isa = PBXFileReference; lastKnownFileType = sourcecode.swift; path = AppDelegate.swift; sourceTree = "<group>"; };
		0F22159D2724225B006416CD /* Assets.xcassets */ = {isa = PBXFileReference; lastKnownFileType = folder.assetcatalog; path = Assets.xcassets; sourceTree = "<group>"; };
		0F2215A02724225B006416CD /* Base */ = {isa = PBXFileReference; lastKnownFileType = file.storyboard; name = Base; path = Base.lproj/LaunchScreen.storyboard; sourceTree = "<group>"; };
		0F2215A22724225B006416CD /* Info.plist */ = {isa = PBXFileReference; lastKnownFileType = text.plist.xml; path = Info.plist; sourceTree = "<group>"; };
		0F2215AD2724238E006416CD /* SignInViewController.swift */ = {isa = PBXFileReference; lastKnownFileType = sourcecode.swift; path = SignInViewController.swift; sourceTree = "<group>"; };
		0F2215B0272423A7006416CD /* Auth.storyboard */ = {isa = PBXFileReference; lastKnownFileType = file.storyboard; path = Auth.storyboard; sourceTree = "<group>"; };
		0F2215B3272424B6006416CD /* UIView.swift */ = {isa = PBXFileReference; lastKnownFileType = sourcecode.swift; path = UIView.swift; sourceTree = "<group>"; };
		0F2215B527242521006416CD /* UIColor.swift */ = {isa = PBXFileReference; lastKnownFileType = sourcecode.swift; path = UIColor.swift; sourceTree = "<group>"; };
		0F2215B727242589006416CD /* Date.swift */ = {isa = PBXFileReference; lastKnownFileType = sourcecode.swift; path = Date.swift; sourceTree = "<group>"; };
		0F4D7C07274A455400BD8965 /* CountryCodeListDetails.swift */ = {isa = PBXFileReference; lastKnownFileType = sourcecode.swift; path = CountryCodeListDetails.swift; sourceTree = "<group>"; };
		0F4D7C0A274A460700BD8965 /* GenericViewModel.swift */ = {isa = PBXFileReference; lastKnownFileType = sourcecode.swift; path = GenericViewModel.swift; sourceTree = "<group>"; };
		0F4D7C0D274A4A5400BD8965 /* BottomSheet.swift */ = {isa = PBXFileReference; lastKnownFileType = sourcecode.swift; path = BottomSheet.swift; sourceTree = "<group>"; };
		0F4D7C0F274A4DEA00BD8965 /* IDName.swift */ = {isa = PBXFileReference; lastKnownFileType = sourcecode.swift; path = IDName.swift; sourceTree = "<group>"; };
		0F4D7C11274A68B800BD8965 /* PatientIdentificationVC.swift */ = {isa = PBXFileReference; lastKnownFileType = sourcecode.swift; path = PatientIdentificationVC.swift; sourceTree = "<group>"; };
		0F4D7C13274A739F00BD8965 /* StateListDetails.swift */ = {isa = PBXFileReference; lastKnownFileType = sourcecode.swift; path = StateListDetails.swift; sourceTree = "<group>"; };
		0F9BD35727498485005457DF /* String.swift */ = {isa = PBXFileReference; lastKnownFileType = sourcecode.swift; path = String.swift; sourceTree = "<group>"; };
		0F9BD35A27498537005457DF /* AbstractViewController.swift */ = {isa = PBXFileReference; lastKnownFileType = sourcecode.swift; path = AbstractViewController.swift; sourceTree = "<group>"; };
		0F9BD35C27498E61005457DF /* PatientSignUpViewModel.swift */ = {isa = PBXFileReference; lastKnownFileType = sourcecode.swift; path = PatientSignUpViewModel.swift; sourceTree = "<group>"; };
		0F9BD35E27498EA6005457DF /* SignInViewModel.swift */ = {isa = PBXFileReference; lastKnownFileType = sourcecode.swift; path = SignInViewModel.swift; sourceTree = "<group>"; };
		0F9BD36027498FDF005457DF /* LoginResponseDetails.swift */ = {isa = PBXFileReference; lastKnownFileType = sourcecode.swift; path = LoginResponseDetails.swift; sourceTree = "<group>"; };
		0F9BD36227499572005457DF /* AppUtility.swift */ = {isa = PBXFileReference; lastKnownFileType = sourcecode.swift; path = AppUtility.swift; sourceTree = "<group>"; };
		0F9BD364274996BD005457DF /* PatientSignUpRequestDetails.swift */ = {isa = PBXFileReference; lastKnownFileType = sourcecode.swift; path = PatientSignUpRequestDetails.swift; sourceTree = "<group>"; };
		0F9BD3662749971D005457DF /* DataManager.swift */ = {isa = PBXFileReference; lastKnownFileType = sourcecode.swift; path = DataManager.swift; sourceTree = "<group>"; };
		0FA38C4A2746F5FE0035B1FD /* OnboardingViewController.swift */ = {isa = PBXFileReference; lastKnownFileType = sourcecode.swift; path = OnboardingViewController.swift; sourceTree = "<group>"; };
		0FA38C4D2746F6870035B1FD /* OnboardingItemModel.swift */ = {isa = PBXFileReference; lastKnownFileType = sourcecode.swift; path = OnboardingItemModel.swift; sourceTree = "<group>"; };
		0FA38C502746F6C50035B1FD /* OnboardingCollectionViewCell.swift */ = {isa = PBXFileReference; lastKnownFileType = sourcecode.swift; path = OnboardingCollectionViewCell.swift; sourceTree = "<group>"; };
		0FA38C532746F9D50035B1FD /* Onboarding.storyboard */ = {isa = PBXFileReference; lastKnownFileType = file.storyboard; path = Onboarding.storyboard; sourceTree = "<group>"; };
		0FB6E01A274ADD7600D1F4EF /* PatientHealthcareVC.swift */ = {isa = PBXFileReference; lastKnownFileType = sourcecode.swift; path = PatientHealthcareVC.swift; sourceTree = "<group>"; };
		0FD70EA9273CC96F0024C6B0 /* SignUpViewController.swift */ = {isa = PBXFileReference; lastKnownFileType = sourcecode.swift; path = SignUpViewController.swift; sourceTree = "<group>"; };
		0FD70EAC273D82FC0024C6B0 /* SignUpViewModel.swift */ = {isa = PBXFileReference; lastKnownFileType = sourcecode.swift; path = SignUpViewModel.swift; sourceTree = "<group>"; };
		0FD70EAF273D83490024C6B0 /* RegisterUserTypeDetails.swift */ = {isa = PBXFileReference; lastKnownFileType = sourcecode.swift; path = RegisterUserTypeDetails.swift; sourceTree = "<group>"; };
		0FD70EB2273D85F10024C6B0 /* RegisterUserTypeTableViewCell.swift */ = {isa = PBXFileReference; lastKnownFileType = sourcecode.swift; path = RegisterUserTypeTableViewCell.swift; sourceTree = "<group>"; };
		0FF06DAA2747973E0023F69D /* PatientRegistrationViewController.swift */ = {isa = PBXFileReference; lastKnownFileType = sourcecode.swift; path = PatientRegistrationViewController.swift; sourceTree = "<group>"; };
		0FF06DAD27479FD60023F69D /* PatientStepsCollectionViewCell.swift */ = {isa = PBXFileReference; lastKnownFileType = sourcecode.swift; path = PatientStepsCollectionViewCell.swift; sourceTree = "<group>"; };
		0FF8EDC9272490CC000BE755 /* UIStoryboard.swift */ = {isa = PBXFileReference; lastKnownFileType = sourcecode.swift; path = UIStoryboard.swift; sourceTree = "<group>"; };
		0FF8EDCD27249147000BE755 /* DashboardViewController.swift */ = {isa = PBXFileReference; lastKnownFileType = sourcecode.swift; path = DashboardViewController.swift; sourceTree = "<group>"; };
		0FF8EDD02724920D000BE755 /* Dashboard.storyboard */ = {isa = PBXFileReference; lastKnownFileType = file.storyboard; path = Dashboard.storyboard; sourceTree = "<group>"; };
		0FF8EDD327249309000BE755 /* PaymentManager.swift */ = {isa = PBXFileReference; lastKnownFileType = sourcecode.swift; path = PaymentManager.swift; sourceTree = "<group>"; };
		0FF8EDD5272494AC000BE755 /* UIApplication.swift */ = {isa = PBXFileReference; lastKnownFileType = sourcecode.swift; path = UIApplication.swift; sourceTree = "<group>"; };
		0FF8EDD8272499BA000BE755 /* RequestManager.swift */ = {isa = PBXFileReference; lastKnownFileType = sourcecode.swift; path = RequestManager.swift; sourceTree = "<group>"; };
		0FF8EDDB27249AB5000BE755 /* RMErrorModel.swift */ = {isa = PBXFileReference; lastKnownFileType = sourcecode.swift; path = RMErrorModel.swift; sourceTree = "<group>"; };
		0FF8EDDD27249AD9000BE755 /* RMRequestModel.swift */ = {isa = PBXFileReference; lastKnownFileType = sourcecode.swift; path = RMRequestModel.swift; sourceTree = "<group>"; };
		0FF8EDE027249B0C000BE755 /* Constants.swift */ = {isa = PBXFileReference; lastKnownFileType = sourcecode.swift; path = Constants.swift; sourceTree = "<group>"; };
		0FF8EDE227249BC9000BE755 /* RMResponseModel.swift */ = {isa = PBXFileReference; lastKnownFileType = sourcecode.swift; path = RMResponseModel.swift; sourceTree = "<group>"; };
		0FF8EDE427249BEF000BE755 /* Dictionary.swift */ = {isa = PBXFileReference; lastKnownFileType = sourcecode.swift; path = Dictionary.swift; sourceTree = "<group>"; };
		0FF8EDE827249D6C000BE755 /* PaymentResponseDetails.swift */ = {isa = PBXFileReference; lastKnownFileType = sourcecode.swift; path = PaymentResponseDetails.swift; sourceTree = "<group>"; };
		29588B8DF861B8593B7F20E9 /* Pods-Dokto.debug.xcconfig */ = {isa = PBXFileReference; includeInIndex = 1; lastKnownFileType = text.xcconfig; name = "Pods-Dokto.debug.xcconfig"; path = "Target Support Files/Pods-Dokto/Pods-Dokto.debug.xcconfig"; sourceTree = "<group>"; };
		63D2740B5B8118EF9EA8E251 /* Pods_Dokto.framework */ = {isa = PBXFileReference; explicitFileType = wrapper.framework; includeInIndex = 0; path = Pods_Dokto.framework; sourceTree = BUILT_PRODUCTS_DIR; };
		8D31D21D272675820025F9C5 /* TwilioRoomViewController.swift */ = {isa = PBXFileReference; lastKnownFileType = sourcecode.swift; path = TwilioRoomViewController.swift; sourceTree = "<group>"; };
		8D48BAB2273C2A320087DE3C /* SettingsViewController.swift */ = {isa = PBXFileReference; lastKnownFileType = sourcecode.swift; path = SettingsViewController.swift; sourceTree = "<group>"; };
		8D56B7AC272C3D2E00844CC3 /* Settings.swift */ = {isa = PBXFileReference; lastKnownFileType = sourcecode.swift; path = Settings.swift; sourceTree = "<group>"; };
		8D5D7749272EF42A0020E459 /* PlatformUtils.swift */ = {isa = PBXFileReference; lastKnownFileType = sourcecode.swift; path = PlatformUtils.swift; sourceTree = "<group>"; };
		8D5E9F662754E4610060CAC6 /* ClinicRegistrationViewController.swift */ = {isa = PBXFileReference; lastKnownFileType = sourcecode.swift; path = ClinicRegistrationViewController.swift; sourceTree = "<group>"; };
		8D9BC9C32726A15500853B58 /* TwilioManager.swift */ = {isa = PBXFileReference; lastKnownFileType = sourcecode.swift; path = TwilioManager.swift; sourceTree = "<group>"; };
		8D9BC9C52726B85600853B58 /* TwilioViewModel.swift */ = {isa = PBXFileReference; lastKnownFileType = sourcecode.swift; path = TwilioViewModel.swift; sourceTree = "<group>"; };
		8D9BC9C92726CD2300853B58 /* TwilioAccessTokenResponseModel.swift */ = {isa = PBXFileReference; lastKnownFileType = sourcecode.swift; path = TwilioAccessTokenResponseModel.swift; sourceTree = "<group>"; };
/* End PBXFileReference section */

/* Begin PBXFrameworksBuildPhase section */
		0F22158E27242259006416CD /* Frameworks */ = {
			isa = PBXFrameworksBuildPhase;
			buildActionMask = 2147483647;
			files = (
				891C96E263FE5260B8266555 /* Pods_Dokto.framework in Frameworks */,
			);
			runOnlyForDeploymentPostprocessing = 0;
		};
/* End PBXFrameworksBuildPhase section */

/* Begin PBXGroup section */
		0F19B27E2724A32F00D8B1F5 /* ViewModels */ = {
			isa = PBXGroup;
			children = (
				0F19B2802724A35D00D8B1F5 /* DashboardViewModel.swift */,
				8D9BC9C52726B85600853B58 /* TwilioViewModel.swift */,
			);
			path = ViewModels;
			sourceTree = "<group>";
		};
		0F19B28427251B0200D8B1F5 /* Generic */ = {
			isa = PBXGroup;
			children = (
				0F4D7C09274A45F500BD8965 /* ViewModels */,
				0F4D7C06274A453C00BD8965 /* Models */,
				0F9BD35927498513005457DF /* Controllers */,
				0F19B28527251B0B00D8B1F5 /* Views */,
			);
			path = Generic;
			sourceTree = "<group>";
		};
		0F19B28527251B0B00D8B1F5 /* Views */ = {
			isa = PBXGroup;
			children = (
				0F19B28627251B1100D8B1F5 /* Loading */,
			);
			path = Views;
			sourceTree = "<group>";
		};
		0F19B28627251B1100D8B1F5 /* Loading */ = {
			isa = PBXGroup;
			children = (
				0F19B28827251B1F00D8B1F5 /* LoadingAnimationView.swift */,
				0F19B28727251B1F00D8B1F5 /* LoadingAnimationView.xib */,
			);
			path = Loading;
			sourceTree = "<group>";
		};
		0F19B28B27251B6C00D8B1F5 /* LottieFiles */ = {
			isa = PBXGroup;
			children = (
				0F19B28C27251B9700D8B1F5 /* loading_animation.json */,
			);
			path = LottieFiles;
			sourceTree = "<group>";
		};
		0F22158827242259006416CD = {
			isa = PBXGroup;
			children = (
				0F22159327242259006416CD /* Dokto */,
				0F22159227242259006416CD /* Products */,
				7C8B678428527E992B5843F6 /* Pods */,
				FCD0F59E31E23E3590656858 /* Frameworks */,
			);
			sourceTree = "<group>";
		};
		0F22159227242259006416CD /* Products */ = {
			isa = PBXGroup;
			children = (
				0F22159127242259006416CD /* Dokto.app */,
			);
			name = Products;
			sourceTree = "<group>";
		};
		0F22159327242259006416CD /* Dokto */ = {
			isa = PBXGroup;
			children = (
				0F4D7C0C274A49B600BD8965 /* CustomObjects */,
				0FF8EDDF27249AFD000BE755 /* Utility */,
				0FF8EDD2272492F7000BE755 /* Managers */,
				0F2215B227242485006416CD /* Extensions */,
				0F2215AA27242310006416CD /* Resources */,
				0F2215A9272422FF006416CD /* SupportFiles */,
				0F2215A8272422EB006416CD /* Modules */,
				0F22159F2724225B006416CD /* LaunchScreen.storyboard */,
			);
			path = Dokto;
			sourceTree = "<group>";
		};
		0F2215A8272422EB006416CD /* Modules */ = {
			isa = PBXGroup;
			children = (
				0FA38C482746F5E30035B1FD /* Onboarding */,
				8D9BC9C72726CCDF00853B58 /* Twilio */,
				0F19B28427251B0200D8B1F5 /* Generic */,
				0FF8EDE627249D48000BE755 /* Payment */,
				0FF8EDCB27249122000BE755 /* Dashboard */,
				0F2215AB27242374006416CD /* Auth */,
			);
			path = Modules;
			sourceTree = "<group>";
		};
		0F2215A9272422FF006416CD /* SupportFiles */ = {
			isa = PBXGroup;
			children = (
				0F22159427242259006416CD /* AppDelegate.swift */,
				0F2215A22724225B006416CD /* Info.plist */,
			);
			path = SupportFiles;
			sourceTree = "<group>";
		};
		0F2215AA27242310006416CD /* Resources */ = {
			isa = PBXGroup;
			children = (
				0F19B28B27251B6C00D8B1F5 /* LottieFiles */,
				0F22159D2724225B006416CD /* Assets.xcassets */,
			);
			path = Resources;
			sourceTree = "<group>";
		};
		0F2215AB27242374006416CD /* Auth */ = {
			isa = PBXGroup;
			children = (
				0FD70EB1273D85C20024C6B0 /* CustomCells */,
				0FD70EAE273D83210024C6B0 /* Models */,
				0FD70EAB273D82E50024C6B0 /* ViewModels */,
				0F2215AF2724239A006416CD /* Storyboard */,
				0F2215AC2724237B006416CD /* Controllers */,
			);
			path = Auth;
			sourceTree = "<group>";
		};
		0F2215AC2724237B006416CD /* Controllers */ = {
			isa = PBXGroup;
			children = (
				8D5E9F652754E43E0060CAC6 /* Clinic */,
				0FF06DA9274797220023F69D /* Patient */,
				0F2215AD2724238E006416CD /* SignInViewController.swift */,
				0FD70EA9273CC96F0024C6B0 /* SignUpViewController.swift */,
			);
			path = Controllers;
			sourceTree = "<group>";
		};
		0F2215AF2724239A006416CD /* Storyboard */ = {
			isa = PBXGroup;
			children = (
				0F2215B0272423A7006416CD /* Auth.storyboard */,
			);
			path = Storyboard;
			sourceTree = "<group>";
		};
		0F2215B227242485006416CD /* Extensions */ = {
			isa = PBXGroup;
			children = (
				0F2215B3272424B6006416CD /* UIView.swift */,
				0F2215B527242521006416CD /* UIColor.swift */,
				0F2215B727242589006416CD /* Date.swift */,
				0FF8EDC9272490CC000BE755 /* UIStoryboard.swift */,
				0FF8EDD5272494AC000BE755 /* UIApplication.swift */,
				0FF8EDE427249BEF000BE755 /* Dictionary.swift */,
				0F15470D273C6198003473D8 /* UITextField.swift */,
				0F205DCE27481D8A002F0EBD /* UIImage.swift */,
				0F9BD35727498485005457DF /* String.swift */,
			);
			path = Extensions;
			sourceTree = "<group>";
		};
		0F4D7C06274A453C00BD8965 /* Models */ = {
			isa = PBXGroup;
			children = (
				0F4D7C07274A455400BD8965 /* CountryCodeListDetails.swift */,
				0F4D7C0F274A4DEA00BD8965 /* IDName.swift */,
				0F4D7C13274A739F00BD8965 /* StateListDetails.swift */,
			);
			path = Models;
			sourceTree = "<group>";
		};
		0F4D7C09274A45F500BD8965 /* ViewModels */ = {
			isa = PBXGroup;
			children = (
				0F4D7C0A274A460700BD8965 /* GenericViewModel.swift */,
			);
			path = ViewModels;
			sourceTree = "<group>";
		};
		0F4D7C0C274A49B600BD8965 /* CustomObjects */ = {
			isa = PBXGroup;
			children = (
				0F4D7C0D274A4A5400BD8965 /* BottomSheet.swift */,
			);
			path = CustomObjects;
			sourceTree = "<group>";
		};
		0F9BD35927498513005457DF /* Controllers */ = {
			isa = PBXGroup;
			children = (
				0F9BD35A27498537005457DF /* AbstractViewController.swift */,
			);
			path = Controllers;
			sourceTree = "<group>";
		};
		0FA38C482746F5E30035B1FD /* Onboarding */ = {
			isa = PBXGroup;
			children = (
				0FA38C522746F9C50035B1FD /* Storyboard */,
				0FA38C4F2746F6A80035B1FD /* CustomCells */,
				0FA38C4C2746F65C0035B1FD /* Models */,
				0FA38C492746F5EB0035B1FD /* Controllers */,
			);
			path = Onboarding;
			sourceTree = "<group>";
		};
		0FA38C492746F5EB0035B1FD /* Controllers */ = {
			isa = PBXGroup;
			children = (
				0FA38C4A2746F5FE0035B1FD /* OnboardingViewController.swift */,
			);
			path = Controllers;
			sourceTree = "<group>";
		};
		0FA38C4C2746F65C0035B1FD /* Models */ = {
			isa = PBXGroup;
			children = (
				0FA38C4D2746F6870035B1FD /* OnboardingItemModel.swift */,
			);
			path = Models;
			sourceTree = "<group>";
		};
		0FA38C4F2746F6A80035B1FD /* CustomCells */ = {
			isa = PBXGroup;
			children = (
				0FA38C502746F6C50035B1FD /* OnboardingCollectionViewCell.swift */,
			);
			path = CustomCells;
			sourceTree = "<group>";
		};
		0FA38C522746F9C50035B1FD /* Storyboard */ = {
			isa = PBXGroup;
			children = (
				0FA38C532746F9D50035B1FD /* Onboarding.storyboard */,
			);
			path = Storyboard;
			sourceTree = "<group>";
		};
		0FD70EAB273D82E50024C6B0 /* ViewModels */ = {
			isa = PBXGroup;
			children = (
				0FD70EAC273D82FC0024C6B0 /* SignUpViewModel.swift */,
				0F9BD35C27498E61005457DF /* PatientSignUpViewModel.swift */,
				0F9BD35E27498EA6005457DF /* SignInViewModel.swift */,
			);
			path = ViewModels;
			sourceTree = "<group>";
		};
		0FD70EAE273D83210024C6B0 /* Models */ = {
			isa = PBXGroup;
			children = (
				0FD70EAF273D83490024C6B0 /* RegisterUserTypeDetails.swift */,
				0F9BD36027498FDF005457DF /* LoginResponseDetails.swift */,
				0F9BD364274996BD005457DF /* PatientSignUpRequestDetails.swift */,
			);
			path = Models;
			sourceTree = "<group>";
		};
		0FD70EB1273D85C20024C6B0 /* CustomCells */ = {
			isa = PBXGroup;
			children = (
				0FF06DAC27479FBD0023F69D /* Patient */,
				0FD70EB2273D85F10024C6B0 /* RegisterUserTypeTableViewCell.swift */,
			);
			path = CustomCells;
			sourceTree = "<group>";
		};
		0FF06DA9274797220023F69D /* Patient */ = {
			isa = PBXGroup;
			children = (
				0FF06DAA2747973E0023F69D /* PatientRegistrationViewController.swift */,
				0F205DCA27481BAE002F0EBD /* PatientPersonalDetailsVC.swift */,
				0F4D7C11274A68B800BD8965 /* PatientIdentificationVC.swift */,
				0FB6E01A274ADD7600D1F4EF /* PatientHealthcareVC.swift */,
			);
			path = Patient;
			sourceTree = "<group>";
		};
		0FF06DAC27479FBD0023F69D /* Patient */ = {
			isa = PBXGroup;
			children = (
				0FF06DAD27479FD60023F69D /* PatientStepsCollectionViewCell.swift */,
				0F205DD027483F82002F0EBD /* GenderTableViewCell.swift */,
			);
			path = Patient;
			sourceTree = "<group>";
		};
		0FF8EDCB27249122000BE755 /* Dashboard */ = {
			isa = PBXGroup;
			children = (
				0F19B27E2724A32F00D8B1F5 /* ViewModels */,
				0FF8EDCC2724912E000BE755 /* Controllers */,
				0FF8EDCF272491F2000BE755 /* Storyboard */,
			);
			path = Dashboard;
			sourceTree = "<group>";
		};
		0FF8EDCC2724912E000BE755 /* Controllers */ = {
			isa = PBXGroup;
			children = (
				0FF8EDCD27249147000BE755 /* DashboardViewController.swift */,
				0F19B292272553F500D8B1F5 /* DoctorListMapViewController.swift */,
				8D31D21D272675820025F9C5 /* TwilioRoomViewController.swift */,
				8D48BAB2273C2A320087DE3C /* SettingsViewController.swift */,
			);
			path = Controllers;
			sourceTree = "<group>";
		};
		0FF8EDCF272491F2000BE755 /* Storyboard */ = {
			isa = PBXGroup;
			children = (
				0FF8EDD02724920D000BE755 /* Dashboard.storyboard */,
			);
			path = Storyboard;
			sourceTree = "<group>";
		};
		0FF8EDD2272492F7000BE755 /* Managers */ = {
			isa = PBXGroup;
			children = (
				0FF8EDD7272499A7000BE755 /* Network */,
				0FF8EDD327249309000BE755 /* PaymentManager.swift */,
				8D9BC9C32726A15500853B58 /* TwilioManager.swift */,
				0F19B28227251A1700D8B1F5 /* LoadingManager.swift */,
				0F19B28E2725386D00D8B1F5 /* AlertManager.swift */,
				0F205DCC27481BF4002F0EBD /* TaskManager.swift */,
				0F9BD3662749971D005457DF /* DataManager.swift */,
			);
			path = Managers;
			sourceTree = "<group>";
		};
		0FF8EDD7272499A7000BE755 /* Network */ = {
			isa = PBXGroup;
			children = (
				0FF8EDDA27249A2A000BE755 /* Models */,
				0FF8EDD8272499BA000BE755 /* RequestManager.swift */,
			);
			path = Network;
			sourceTree = "<group>";
		};
		0FF8EDDA27249A2A000BE755 /* Models */ = {
			isa = PBXGroup;
			children = (
				0FF8EDDB27249AB5000BE755 /* RMErrorModel.swift */,
				0FF8EDDD27249AD9000BE755 /* RMRequestModel.swift */,
				0FF8EDE227249BC9000BE755 /* RMResponseModel.swift */,
			);
			path = Models;
			sourceTree = "<group>";
		};
		0FF8EDDF27249AFD000BE755 /* Utility */ = {
			isa = PBXGroup;
			children = (
				0FF8EDE027249B0C000BE755 /* Constants.swift */,
				0F9BD36227499572005457DF /* AppUtility.swift */,
			);
			path = Utility;
			sourceTree = "<group>";
		};
		0FF8EDE627249D48000BE755 /* Payment */ = {
			isa = PBXGroup;
			children = (
				0FF8EDE727249D4D000BE755 /* Models */,
			);
			path = Payment;
			sourceTree = "<group>";
		};
		0FF8EDE727249D4D000BE755 /* Models */ = {
			isa = PBXGroup;
			children = (
				0FF8EDE827249D6C000BE755 /* PaymentResponseDetails.swift */,
			);
			path = Models;
			sourceTree = "<group>";
		};
		7C8B678428527E992B5843F6 /* Pods */ = {
			isa = PBXGroup;
			children = (
				29588B8DF861B8593B7F20E9 /* Pods-Dokto.debug.xcconfig */,
				0BB9EA378E813C5C0A071460 /* Pods-Dokto.release.xcconfig */,
			);
			path = Pods;
			sourceTree = "<group>";
		};
		8D5E9F652754E43E0060CAC6 /* Clinic */ = {
			isa = PBXGroup;
			children = (
				8D5E9F662754E4610060CAC6 /* ClinicRegistrationViewController.swift */,
			);
			path = Clinic;
			sourceTree = "<group>";
		};
		8D9BC9C72726CCDF00853B58 /* Twilio */ = {
			isa = PBXGroup;
			children = (
				8D9BC9C82726CCE900853B58 /* Models */,
				8D56B7AC272C3D2E00844CC3 /* Settings.swift */,
				8D5D7749272EF42A0020E459 /* PlatformUtils.swift */,
			);
			path = Twilio;
			sourceTree = "<group>";
		};
		8D9BC9C82726CCE900853B58 /* Models */ = {
			isa = PBXGroup;
			children = (
				8D9BC9C92726CD2300853B58 /* TwilioAccessTokenResponseModel.swift */,
			);
			path = Models;
			sourceTree = "<group>";
		};
		FCD0F59E31E23E3590656858 /* Frameworks */ = {
			isa = PBXGroup;
			children = (
				63D2740B5B8118EF9EA8E251 /* Pods_Dokto.framework */,
			);
			name = Frameworks;
			sourceTree = "<group>";
		};
/* End PBXGroup section */

/* Begin PBXNativeTarget section */
		0F22159027242259006416CD /* Dokto */ = {
			isa = PBXNativeTarget;
			buildConfigurationList = 0F2215A52724225B006416CD /* Build configuration list for PBXNativeTarget "Dokto" */;
			buildPhases = (
				1FEB67D6A101ED69D149D227 /* [CP] Check Pods Manifest.lock */,
				0F22158D27242259006416CD /* Sources */,
				0F22158E27242259006416CD /* Frameworks */,
				0F22158F27242259006416CD /* Resources */,
				61477BBE32FA25EF9AC0544F /* [CP] Embed Pods Frameworks */,
				E99F745A4AF9BEEB958F775E /* [CP] Copy Pods Resources */,
			);
			buildRules = (
			);
			dependencies = (
			);
			name = Dokto;
			productName = Dokto;
			productReference = 0F22159127242259006416CD /* Dokto.app */;
			productType = "com.apple.product-type.application";
		};
/* End PBXNativeTarget section */

/* Begin PBXProject section */
		0F22158927242259006416CD /* Project object */ = {
			isa = PBXProject;
			attributes = {
				BuildIndependentTargetsInParallel = 1;
				LastSwiftUpdateCheck = 1300;
				LastUpgradeCheck = 1300;
				TargetAttributes = {
					0F22159027242259006416CD = {
						CreatedOnToolsVersion = 13.0;
					};
				};
			};
			buildConfigurationList = 0F22158C27242259006416CD /* Build configuration list for PBXProject "Dokto" */;
			compatibilityVersion = "Xcode 13.0";
			developmentRegion = en;
			hasScannedForEncodings = 0;
			knownRegions = (
				en,
				Base,
			);
			mainGroup = 0F22158827242259006416CD;
			productRefGroup = 0F22159227242259006416CD /* Products */;
			projectDirPath = "";
			projectRoot = "";
			targets = (
				0F22159027242259006416CD /* Dokto */,
			);
		};
/* End PBXProject section */

/* Begin PBXResourcesBuildPhase section */
		0F22158F27242259006416CD /* Resources */ = {
			isa = PBXResourcesBuildPhase;
			buildActionMask = 2147483647;
			files = (
				0F2215B1272423A7006416CD /* Auth.storyboard in Resources */,
				0FF8EDD12724920D000BE755 /* Dashboard.storyboard in Resources */,
				0F2215A12724225B006416CD /* LaunchScreen.storyboard in Resources */,
				0F22159E2724225B006416CD /* Assets.xcassets in Resources */,
				0FA38C542746F9D50035B1FD /* Onboarding.storyboard in Resources */,
				0F19B28927251B1F00D8B1F5 /* LoadingAnimationView.xib in Resources */,
				0F19B28D27251B9700D8B1F5 /* loading_animation.json in Resources */,
			);
			runOnlyForDeploymentPostprocessing = 0;
		};
/* End PBXResourcesBuildPhase section */

/* Begin PBXShellScriptBuildPhase section */
		1FEB67D6A101ED69D149D227 /* [CP] Check Pods Manifest.lock */ = {
			isa = PBXShellScriptBuildPhase;
			buildActionMask = 2147483647;
			files = (
			);
			inputFileListPaths = (
			);
			inputPaths = (
				"${PODS_PODFILE_DIR_PATH}/Podfile.lock",
				"${PODS_ROOT}/Manifest.lock",
			);
			name = "[CP] Check Pods Manifest.lock";
			outputFileListPaths = (
			);
			outputPaths = (
				"$(DERIVED_FILE_DIR)/Pods-Dokto-checkManifestLockResult.txt",
			);
			runOnlyForDeploymentPostprocessing = 0;
			shellPath = /bin/sh;
			shellScript = "diff \"${PODS_PODFILE_DIR_PATH}/Podfile.lock\" \"${PODS_ROOT}/Manifest.lock\" > /dev/null\nif [ $? != 0 ] ; then\n    # print error to STDERR\n    echo \"error: The sandbox is not in sync with the Podfile.lock. Run 'pod install' or update your CocoaPods installation.\" >&2\n    exit 1\nfi\n# This output is used by Xcode 'outputs' to avoid re-running this script phase.\necho \"SUCCESS\" > \"${SCRIPT_OUTPUT_FILE_0}\"\n";
			showEnvVarsInLog = 0;
		};
		61477BBE32FA25EF9AC0544F /* [CP] Embed Pods Frameworks */ = {
			isa = PBXShellScriptBuildPhase;
			buildActionMask = 2147483647;
			files = (
			);
			inputFileListPaths = (
				"${PODS_ROOT}/Target Support Files/Pods-Dokto/Pods-Dokto-frameworks-${CONFIGURATION}-input-files.xcfilelist",
			);
			name = "[CP] Embed Pods Frameworks";
			outputFileListPaths = (
				"${PODS_ROOT}/Target Support Files/Pods-Dokto/Pods-Dokto-frameworks-${CONFIGURATION}-output-files.xcfilelist",
			);
			runOnlyForDeploymentPostprocessing = 0;
			shellPath = /bin/sh;
			shellScript = "\"${PODS_ROOT}/Target Support Files/Pods-Dokto/Pods-Dokto-frameworks.sh\"\n";
			showEnvVarsInLog = 0;
		};
		E99F745A4AF9BEEB958F775E /* [CP] Copy Pods Resources */ = {
			isa = PBXShellScriptBuildPhase;
			buildActionMask = 2147483647;
			files = (
			);
			inputFileListPaths = (
				"${PODS_ROOT}/Target Support Files/Pods-Dokto/Pods-Dokto-resources-${CONFIGURATION}-input-files.xcfilelist",
			);
			name = "[CP] Copy Pods Resources";
			outputFileListPaths = (
				"${PODS_ROOT}/Target Support Files/Pods-Dokto/Pods-Dokto-resources-${CONFIGURATION}-output-files.xcfilelist",
			);
			runOnlyForDeploymentPostprocessing = 0;
			shellPath = /bin/sh;
			shellScript = "\"${PODS_ROOT}/Target Support Files/Pods-Dokto/Pods-Dokto-resources.sh\"\n";
			showEnvVarsInLog = 0;
		};
/* End PBXShellScriptBuildPhase section */

/* Begin PBXSourcesBuildPhase section */
		0F22158D27242259006416CD /* Sources */ = {
			isa = PBXSourcesBuildPhase;
			buildActionMask = 2147483647;
			files = (
				0FF8EDD6272494AC000BE755 /* UIApplication.swift in Sources */,
				0FB6E01B274ADD7600D1F4EF /* PatientHealthcareVC.swift in Sources */,
				0FF8EDD427249309000BE755 /* PaymentManager.swift in Sources */,
				0F9BD35827498485005457DF /* String.swift in Sources */,
				0F205DCD27481BF4002F0EBD /* TaskManager.swift in Sources */,
				0F4D7C14274A739F00BD8965 /* StateListDetails.swift in Sources */,
				0F9BD35F27498EA6005457DF /* SignInViewModel.swift in Sources */,
				8D56B7AD272C3D2E00844CC3 /* Settings.swift in Sources */,
				0FA38C4B2746F5FE0035B1FD /* OnboardingViewController.swift in Sources */,
				0F4D7C10274A4DEA00BD8965 /* IDName.swift in Sources */,
				0F19B28327251A1700D8B1F5 /* LoadingManager.swift in Sources */,
				0FD70EB0273D83490024C6B0 /* RegisterUserTypeDetails.swift in Sources */,
				0F19B293272553F500D8B1F5 /* DoctorListMapViewController.swift in Sources */,
				0FF8EDCA272490CC000BE755 /* UIStoryboard.swift in Sources */,
				0FD70EB3273D85F10024C6B0 /* RegisterUserTypeTableViewCell.swift in Sources */,
				0F9BD36127498FDF005457DF /* LoginResponseDetails.swift in Sources */,
				8D9BC9CA2726CD2300853B58 /* TwilioAccessTokenResponseModel.swift in Sources */,
				0F15470E273C6198003473D8 /* UITextField.swift in Sources */,
				0FD70EAD273D82FC0024C6B0 /* SignUpViewModel.swift in Sources */,
				0F9BD35D27498E61005457DF /* PatientSignUpViewModel.swift in Sources */,
				0FF06DAE27479FD60023F69D /* PatientStepsCollectionViewCell.swift in Sources */,
				0FF06DAB2747973E0023F69D /* PatientRegistrationViewController.swift in Sources */,
				0FF8EDCE27249147000BE755 /* DashboardViewController.swift in Sources */,
				8D5E9F672754E4610060CAC6 /* ClinicRegistrationViewController.swift in Sources */,
				0FA38C4E2746F6870035B1FD /* OnboardingItemModel.swift in Sources */,
				0F9BD3672749971D005457DF /* DataManager.swift in Sources */,
				0F4D7C12274A68B800BD8965 /* PatientIdentificationVC.swift in Sources */,
				0F9BD35B27498537005457DF /* AbstractViewController.swift in Sources */,
				0FF8EDDC27249AB5000BE755 /* RMErrorModel.swift in Sources */,
				8D9BC9C42726A15500853B58 /* TwilioManager.swift in Sources */,
				0F2215AE2724238E006416CD /* SignInViewController.swift in Sources */,
				0FF8EDD9272499BA000BE755 /* RequestManager.swift in Sources */,
				8D5D774A272EF42A0020E459 /* PlatformUtils.swift in Sources */,
				0FF8EDE127249B0C000BE755 /* Constants.swift in Sources */,
				0F4D7C08274A455400BD8965 /* CountryCodeListDetails.swift in Sources */,
				0F19B2812724A35D00D8B1F5 /* DashboardViewModel.swift in Sources */,
				8D9BC9C62726B85600853B58 /* TwilioViewModel.swift in Sources */,
				0F2215B827242589006416CD /* Date.swift in Sources */,
				0F205DCF27481D8A002F0EBD /* UIImage.swift in Sources */,
				0F9BD36327499572005457DF /* AppUtility.swift in Sources */,
				0FF8EDDE27249AD9000BE755 /* RMRequestModel.swift in Sources */,
				8D31D21E272675820025F9C5 /* TwilioRoomViewController.swift in Sources */,
				0F19B28F2725386D00D8B1F5 /* AlertManager.swift in Sources */,
				0F4D7C0B274A460700BD8965 /* GenericViewModel.swift in Sources */,
				0FF8EDE927249D6C000BE755 /* PaymentResponseDetails.swift in Sources */,
				0F2215B627242521006416CD /* UIColor.swift in Sources */,
				0FF8EDE527249BEF000BE755 /* Dictionary.swift in Sources */,
				0FD70EAA273CC96F0024C6B0 /* SignUpViewController.swift in Sources */,
				0F205DD127483F83002F0EBD /* GenderTableViewCell.swift in Sources */,
				0F205DCB27481BAE002F0EBD /* PatientPersonalDetailsVC.swift in Sources */,
				0F9BD365274996BD005457DF /* PatientSignUpRequestDetails.swift in Sources */,
				8D48BAB3273C2A330087DE3C /* SettingsViewController.swift in Sources */,
				0FF8EDE327249BC9000BE755 /* RMResponseModel.swift in Sources */,
				0F2215B4272424B6006416CD /* UIView.swift in Sources */,
				0F4D7C0E274A4A5400BD8965 /* BottomSheet.swift in Sources */,
				0F19B28A27251B1F00D8B1F5 /* LoadingAnimationView.swift in Sources */,
				0F22159527242259006416CD /* AppDelegate.swift in Sources */,
				0FA38C512746F6C50035B1FD /* OnboardingCollectionViewCell.swift in Sources */,
			);
			runOnlyForDeploymentPostprocessing = 0;
		};
/* End PBXSourcesBuildPhase section */

/* Begin PBXVariantGroup section */
		0F22159F2724225B006416CD /* LaunchScreen.storyboard */ = {
			isa = PBXVariantGroup;
			children = (
				0F2215A02724225B006416CD /* Base */,
			);
			name = LaunchScreen.storyboard;
			sourceTree = "<group>";
		};
/* End PBXVariantGroup section */

/* Begin XCBuildConfiguration section */
		0F2215A32724225B006416CD /* Debug */ = {
			isa = XCBuildConfiguration;
			buildSettings = {
				ALWAYS_SEARCH_USER_PATHS = NO;
				CLANG_ANALYZER_NONNULL = YES;
				CLANG_ANALYZER_NUMBER_OBJECT_CONVERSION = YES_AGGRESSIVE;
				CLANG_CXX_LANGUAGE_STANDARD = "gnu++17";
				CLANG_CXX_LIBRARY = "libc++";
				CLANG_ENABLE_MODULES = YES;
				CLANG_ENABLE_OBJC_ARC = YES;
				CLANG_ENABLE_OBJC_WEAK = YES;
				CLANG_WARN_BLOCK_CAPTURE_AUTORELEASING = YES;
				CLANG_WARN_BOOL_CONVERSION = YES;
				CLANG_WARN_COMMA = YES;
				CLANG_WARN_CONSTANT_CONVERSION = YES;
				CLANG_WARN_DEPRECATED_OBJC_IMPLEMENTATIONS = YES;
				CLANG_WARN_DIRECT_OBJC_ISA_USAGE = YES_ERROR;
				CLANG_WARN_DOCUMENTATION_COMMENTS = YES;
				CLANG_WARN_EMPTY_BODY = YES;
				CLANG_WARN_ENUM_CONVERSION = YES;
				CLANG_WARN_INFINITE_RECURSION = YES;
				CLANG_WARN_INT_CONVERSION = YES;
				CLANG_WARN_NON_LITERAL_NULL_CONVERSION = YES;
				CLANG_WARN_OBJC_IMPLICIT_RETAIN_SELF = YES;
				CLANG_WARN_OBJC_LITERAL_CONVERSION = YES;
				CLANG_WARN_OBJC_ROOT_CLASS = YES_ERROR;
				CLANG_WARN_QUOTED_INCLUDE_IN_FRAMEWORK_HEADER = YES;
				CLANG_WARN_RANGE_LOOP_ANALYSIS = YES;
				CLANG_WARN_STRICT_PROTOTYPES = YES;
				CLANG_WARN_SUSPICIOUS_MOVE = YES;
				CLANG_WARN_UNGUARDED_AVAILABILITY = YES_AGGRESSIVE;
				CLANG_WARN_UNREACHABLE_CODE = YES;
				CLANG_WARN__DUPLICATE_METHOD_MATCH = YES;
				COPY_PHASE_STRIP = NO;
				DEBUG_INFORMATION_FORMAT = dwarf;
				ENABLE_STRICT_OBJC_MSGSEND = YES;
				ENABLE_TESTABILITY = YES;
				"EXCLUDED_ARCHS[sdk=iphonesimulator*]" = arm64;
				GCC_C_LANGUAGE_STANDARD = gnu11;
				GCC_DYNAMIC_NO_PIC = NO;
				GCC_NO_COMMON_BLOCKS = YES;
				GCC_OPTIMIZATION_LEVEL = 0;
				GCC_PREPROCESSOR_DEFINITIONS = (
					"DEBUG=1",
					"$(inherited)",
				);
				GCC_WARN_64_TO_32_BIT_CONVERSION = YES;
				GCC_WARN_ABOUT_RETURN_TYPE = YES_ERROR;
				GCC_WARN_UNDECLARED_SELECTOR = YES;
				GCC_WARN_UNINITIALIZED_AUTOS = YES_AGGRESSIVE;
				GCC_WARN_UNUSED_FUNCTION = YES;
				GCC_WARN_UNUSED_VARIABLE = YES;
				IPHONEOS_DEPLOYMENT_TARGET = 15.0;
				MTL_ENABLE_DEBUG_INFO = INCLUDE_SOURCE;
				MTL_FAST_MATH = YES;
				ONLY_ACTIVE_ARCH = YES;
				SDKROOT = iphoneos;
				SWIFT_ACTIVE_COMPILATION_CONDITIONS = DEBUG;
				SWIFT_OPTIMIZATION_LEVEL = "-Onone";
			};
			name = Debug;
		};
		0F2215A42724225B006416CD /* Release */ = {
			isa = XCBuildConfiguration;
			buildSettings = {
				ALWAYS_SEARCH_USER_PATHS = NO;
				CLANG_ANALYZER_NONNULL = YES;
				CLANG_ANALYZER_NUMBER_OBJECT_CONVERSION = YES_AGGRESSIVE;
				CLANG_CXX_LANGUAGE_STANDARD = "gnu++17";
				CLANG_CXX_LIBRARY = "libc++";
				CLANG_ENABLE_MODULES = YES;
				CLANG_ENABLE_OBJC_ARC = YES;
				CLANG_ENABLE_OBJC_WEAK = YES;
				CLANG_WARN_BLOCK_CAPTURE_AUTORELEASING = YES;
				CLANG_WARN_BOOL_CONVERSION = YES;
				CLANG_WARN_COMMA = YES;
				CLANG_WARN_CONSTANT_CONVERSION = YES;
				CLANG_WARN_DEPRECATED_OBJC_IMPLEMENTATIONS = YES;
				CLANG_WARN_DIRECT_OBJC_ISA_USAGE = YES_ERROR;
				CLANG_WARN_DOCUMENTATION_COMMENTS = YES;
				CLANG_WARN_EMPTY_BODY = YES;
				CLANG_WARN_ENUM_CONVERSION = YES;
				CLANG_WARN_INFINITE_RECURSION = YES;
				CLANG_WARN_INT_CONVERSION = YES;
				CLANG_WARN_NON_LITERAL_NULL_CONVERSION = YES;
				CLANG_WARN_OBJC_IMPLICIT_RETAIN_SELF = YES;
				CLANG_WARN_OBJC_LITERAL_CONVERSION = YES;
				CLANG_WARN_OBJC_ROOT_CLASS = YES_ERROR;
				CLANG_WARN_QUOTED_INCLUDE_IN_FRAMEWORK_HEADER = YES;
				CLANG_WARN_RANGE_LOOP_ANALYSIS = YES;
				CLANG_WARN_STRICT_PROTOTYPES = YES;
				CLANG_WARN_SUSPICIOUS_MOVE = YES;
				CLANG_WARN_UNGUARDED_AVAILABILITY = YES_AGGRESSIVE;
				CLANG_WARN_UNREACHABLE_CODE = YES;
				CLANG_WARN__DUPLICATE_METHOD_MATCH = YES;
				COPY_PHASE_STRIP = NO;
				DEBUG_INFORMATION_FORMAT = "dwarf-with-dsym";
				ENABLE_NS_ASSERTIONS = NO;
				ENABLE_STRICT_OBJC_MSGSEND = YES;
				GCC_C_LANGUAGE_STANDARD = gnu11;
				GCC_NO_COMMON_BLOCKS = YES;
				GCC_WARN_64_TO_32_BIT_CONVERSION = YES;
				GCC_WARN_ABOUT_RETURN_TYPE = YES_ERROR;
				GCC_WARN_UNDECLARED_SELECTOR = YES;
				GCC_WARN_UNINITIALIZED_AUTOS = YES_AGGRESSIVE;
				GCC_WARN_UNUSED_FUNCTION = YES;
				GCC_WARN_UNUSED_VARIABLE = YES;
				IPHONEOS_DEPLOYMENT_TARGET = 15.0;
				MTL_ENABLE_DEBUG_INFO = NO;
				MTL_FAST_MATH = YES;
				SDKROOT = iphoneos;
				SWIFT_COMPILATION_MODE = wholemodule;
				SWIFT_OPTIMIZATION_LEVEL = "-O";
				VALIDATE_PRODUCT = YES;
			};
			name = Release;
		};
		0F2215A62724225B006416CD /* Debug */ = {
			isa = XCBuildConfiguration;
			baseConfigurationReference = 29588B8DF861B8593B7F20E9 /* Pods-Dokto.debug.xcconfig */;
			buildSettings = {
				ASSETCATALOG_COMPILER_APPICON_NAME = AppIcon;
				ASSETCATALOG_COMPILER_GLOBAL_ACCENT_COLOR_NAME = AccentColor;
				CODE_SIGN_IDENTITY = "iPhone Developer";
				CODE_SIGN_STYLE = Manual;
				CURRENT_PROJECT_VERSION = 1;
				DEVELOPMENT_TEAM = Y87U5D78SK;
				GENERATE_INFOPLIST_FILE = YES;
				INFOPLIST_FILE = Dokto/SupportFiles/Info.plist;
				INFOPLIST_KEY_CFBundleDisplayName = Dokto;
				INFOPLIST_KEY_NSCameraUsageDescription = "$(PRODUCT_NAME) need to access your camera to capture and update your profile photo.";
				INFOPLIST_KEY_NSLocalNetworkUsageDescription = "We need to access your local network";
				INFOPLIST_KEY_NSMicrophoneUsageDescription = "We need microphone access for the call";
				INFOPLIST_KEY_NSPhotoLibraryAddUsageDescription = "$(PRODUCT_NAME) need library access to update profile photo";
				INFOPLIST_KEY_NSPhotoLibraryUsageDescription = "$(PRODUCT_NAME) need library access to update profile photo";
				INFOPLIST_KEY_UIApplicationSupportsIndirectInputEvents = YES;
				INFOPLIST_KEY_UILaunchStoryboardName = LaunchScreen;
				INFOPLIST_KEY_UIMainStoryboardFile = Auth;
				INFOPLIST_KEY_UISupportedInterfaceOrientations = UIInterfaceOrientationPortrait;
				INFOPLIST_KEY_UISupportedInterfaceOrientations_iPad = UIInterfaceOrientationPortrait;
				INFOPLIST_KEY_UISupportedInterfaceOrientations_iPhone = "UIInterfaceOrientationPortrait UIInterfaceOrientationLandscapeLeft UIInterfaceOrientationLandscapeRight";
				INFOPLIST_KEY_UIUserInterfaceStyle = Light;
				IPHONEOS_DEPLOYMENT_TARGET = 12.0;
				LD_RUNPATH_SEARCH_PATHS = (
					"$(inherited)",
					"@executable_path/Frameworks",
				);
				MARKETING_VERSION = 1.0;
				PRODUCT_BUNDLE_IDENTIFIER = com.toybethsystems.dokto;
				PRODUCT_NAME = "$(TARGET_NAME)";
				PROVISIONING_PROFILE_SPECIFIER = "Team wildcard";
				SWIFT_EMIT_LOC_STRINGS = YES;
				SWIFT_VERSION = 5.0;
				TARGETED_DEVICE_FAMILY = 1;
			};
			name = Debug;
		};
		0F2215A72724225B006416CD /* Release */ = {
			isa = XCBuildConfiguration;
			baseConfigurationReference = 0BB9EA378E813C5C0A071460 /* Pods-Dokto.release.xcconfig */;
			buildSettings = {
				ASSETCATALOG_COMPILER_APPICON_NAME = AppIcon;
				ASSETCATALOG_COMPILER_GLOBAL_ACCENT_COLOR_NAME = AccentColor;
				CODE_SIGN_IDENTITY = "iPhone Developer";
				CODE_SIGN_STYLE = Manual;
				CURRENT_PROJECT_VERSION = 1;
				DEVELOPMENT_TEAM = Y87U5D78SK;
				GENERATE_INFOPLIST_FILE = YES;
				INFOPLIST_FILE = Dokto/SupportFiles/Info.plist;
				INFOPLIST_KEY_CFBundleDisplayName = Dokto;
				INFOPLIST_KEY_NSCameraUsageDescription = "$(PRODUCT_NAME) need to access your camera to capture and update your profile photo.";
				INFOPLIST_KEY_NSLocalNetworkUsageDescription = "We need to access your local network";
				INFOPLIST_KEY_NSMicrophoneUsageDescription = "We need microphone access for the call";
				INFOPLIST_KEY_NSPhotoLibraryAddUsageDescription = "$(PRODUCT_NAME) need library access to update profile photo";
				INFOPLIST_KEY_NSPhotoLibraryUsageDescription = "$(PRODUCT_NAME) need library access to update profile photo";
				INFOPLIST_KEY_UIApplicationSupportsIndirectInputEvents = YES;
				INFOPLIST_KEY_UILaunchStoryboardName = LaunchScreen;
				INFOPLIST_KEY_UIMainStoryboardFile = Auth;
				INFOPLIST_KEY_UISupportedInterfaceOrientations = UIInterfaceOrientationPortrait;
				INFOPLIST_KEY_UISupportedInterfaceOrientations_iPad = UIInterfaceOrientationPortrait;
				INFOPLIST_KEY_UISupportedInterfaceOrientations_iPhone = "UIInterfaceOrientationPortrait UIInterfaceOrientationLandscapeLeft UIInterfaceOrientationLandscapeRight";
				INFOPLIST_KEY_UIUserInterfaceStyle = Light;
				IPHONEOS_DEPLOYMENT_TARGET = 12.0;
				LD_RUNPATH_SEARCH_PATHS = (
					"$(inherited)",
					"@executable_path/Frameworks",
				);
				MARKETING_VERSION = 1.0;
				PRODUCT_BUNDLE_IDENTIFIER = com.toybethsystems.dokto;
				PRODUCT_NAME = "$(TARGET_NAME)";
				PROVISIONING_PROFILE_SPECIFIER = "Team wildcard";
				SWIFT_EMIT_LOC_STRINGS = YES;
				SWIFT_VERSION = 5.0;
				TARGETED_DEVICE_FAMILY = 1;
			};
			name = Release;
		};
/* End XCBuildConfiguration section */

/* Begin XCConfigurationList section */
		0F22158C27242259006416CD /* Build configuration list for PBXProject "Dokto" */ = {
			isa = XCConfigurationList;
			buildConfigurations = (
				0F2215A32724225B006416CD /* Debug */,
				0F2215A42724225B006416CD /* Release */,
			);
			defaultConfigurationIsVisible = 0;
			defaultConfigurationName = Release;
		};
		0F2215A52724225B006416CD /* Build configuration list for PBXNativeTarget "Dokto" */ = {
			isa = XCConfigurationList;
			buildConfigurations = (
				0F2215A62724225B006416CD /* Debug */,
				0F2215A72724225B006416CD /* Release */,
			);
			defaultConfigurationIsVisible = 0;
			defaultConfigurationName = Release;
		};
/* End XCConfigurationList section */
	};
	rootObject = 0F22158927242259006416CD /* Project object */;
}
